
Microsoft Visual Studio Solution File, Format Version 12.00
# Visual Studio 2013
VisualStudioVersion = 12.0.40629.0
MinimumVisualStudioVersion = 10.0.40219.1
Project("{8BC9CEB8-8B4A-11D0-8D11-00A0C91BC942}") = "OPENCV 2 SAVAMARCHAYE", "OPENCV 2 SAVAMARCHAYE\OPENCV 2 SAVAMARCHAYE.vcxproj", "{13D6BF51-0428-46AD-B69E-256D08AD9874}"
EndProject
Global
	GlobalSection(SolutionConfigurationPlatforms) = preSolution
		Debug|Win32 = Debug|Win32
		Debug|x64 = Debug|x64
		Release|Win32 = Release|Win32
		Release|x64 = Release|x64
	EndGlobalSection
	GlobalSection(ProjectConfigurationPlatforms) = postSolution
		{13D6BF51-0428-46AD-B69E-256D08AD9874}.Debug|Win32.ActiveCfg = Debug|Win32
		{13D6BF51-0428-46AD-B69E-256D08AD9874}.Debug|Win32.Build.0 = Debug|Win32
		{13D6BF51-0428-46AD-B69E-256D08AD9874}.Debug|x64.ActiveCfg = Debug|x64
		{13D6BF51-0428-46AD-B69E-256D08AD9874}.Debug|x64.Build.0 = Debug|x64
		{13D6BF51-0428-46AD-B69E-256D08AD9874}.Release|Win32.ActiveCfg = Release|Win32
		{13D6BF51-0428-46AD-B69E-256D08AD9874}.Release|Win32.Build.0 = Release|Win32
		{13D6BF51-0428-46AD-B69E-256D08AD9874}.Release|x64.ActiveCfg = Release|x64
		{13D6BF51-0428-46AD-B69E-256D08AD9874}.Release|x64.Build.0 = Release|x64
	EndGlobalSection
	GlobalSection(SolutionProperties) = preSolution
		HideSolutionNode = FALSE
	EndGlobalSection
EndGlobal
